
Microsoft Visual Studio Solution File, Format Version 12.00
# Visual Studio Version 16
VisualStudioVersion = 16.0.30611.23
MinimumVisualStudioVersion = 10.0.40219.1
Project("{FAE04EC0-301F-11D3-BF4B-00C04F79EFBC}") = "WebApp", "WebApp.csproj", "{E8F7153E-4540-43D6-9AB5-49BBB2A3E3E2}"
EndProject
Global
	GlobalSection(SolutionConfigurationPlatforms) = preSolution
		Debug|Any CPU = Debug|Any CPU
		Release|Any CPU = Release|Any CPU
	EndGlobalSection
	GlobalSection(ProjectConfigurationPlatforms) = postSolution
		{E8F7153E-4540-43D6-9AB5-49BBB2A3E3E2}.Debug|Any CPU.ActiveCfg = Debug|Any CPU
		{E8F7153E-4540-43D6-9AB5-49BBB2A3E3E2}.Debug|Any CPU.Build.0 = Debug|Any CPU
		{E8F7153E-4540-43D6-9AB5-49BBB2A3E3E2}.Release|Any CPU.ActiveCfg = Release|Any CPU
		{E8F7153E-4540-43D6-9AB5-49BBB2A3E3E2}.Release|Any CPU.Build.0 = Release|Any CPU
	EndGlobalSection
	GlobalSection(SolutionProperties) = preSolution
		HideSolutionNode = FALSE
	EndGlobalSection
	GlobalSection(ExtensibilityGlobals) = postSolution
		SolutionGuid = {23AE996C-E813-4338-84A1-A8B9B61809FE}
	EndGlobalSection
EndGlobal
